{
  "name": "npm-lab",
  "lockfileVersion": 2,
  "requires": true,
  "packages": {
    "": {
      "dependencies": {
        "moment": "^2.29.1",
        "momnet": "^2.29.1"
      }
    },
    "node_modules/moment": {
      "version": "2.29.1",
      "resolved": "https://registry.npmjs.org/moment/-/moment-2.29.1.tgz",
      "integrity": "sha512-kHmoybcPV8Sqy59DwNDY3Jefr64lK/by/da0ViFcuA4DH0vQg5Q6Ze5VimxkfQNSC+Mls/Kx53s7TjP1RhFEDQ==",
      "engines": {
        "node": "*"
      }
    },
    "node_modules/momnet": {
      "version": "2.29.1",
      "resolved": "https://registry.npmjs.org/momnet/-/momnet-2.29.1.tgz",
      "integrity": "sha512-V+t7Caf5gYIhxMrFKhj0JQrOWFXrhzpv/SiZGKXDTGwZo485ysUx7sQ4f/2nO3YF6q0vEfQM/+wBnSHynxo5tQ==",
      "engines": {
        "node": "*"
      }
    }
  },
  "dependencies": {
    "moment": {
      "version": "2.29.1",
      "resolved": "https://registry.npmjs.org/moment/-/moment-2.29.1.tgz",
      "integrity": "sha512-kHmoybcPV8Sqy59DwNDY3Jefr64lK/by/da0ViFcuA4DH0vQg5Q6Ze5VimxkfQNSC+Mls/Kx53s7TjP1RhFEDQ=="
    },
    "momnet": {
      "version": "2.29.1",
      "resolved": "https://registry.npmjs.org/momnet/-/momnet-2.29.1.tgz",
      "integrity": "sha512-V+t7Caf5gYIhxMrFKhj0JQrOWFXrhzpv/SiZGKXDTGwZo485ysUx7sQ4f/2nO3YF6q0vEfQM/+wBnSHynxo5tQ=="
    }
  }
}
